// !$*UTF8*$!
{
	archiveVersion = 1;
	classes = {
	};
	objectVersion = 56;
	objects = {

/* Begin PBXBuildFile section */
		DF0F088F2D6B65DD0017C9B5 /* README.md in Resources */ = {isa = PBXBuildFile; fileRef = DF0F088E2D6B65DD0017C9B5 /* README.md */; };
		DF30E97A2D54D8C800986F3A /* AgreementView.swift in Sources */ = {isa = PBXBuildFile; fileRef = DF30E9792D54D8C800986F3A /* AgreementView.swift */; };
		DF881A4E2CBD3ADD00EFBDFB /* BilibiliDMBApp.swift in Sources */ = {isa = PBXBuildFile; fileRef = DF881A4D2CBD3ADD00EFBDFB /* BilibiliDMBApp.swift */; };
		DF881A542CBD3ADE00EFBDFB /* Assets.xcassets in Resources */ = {isa = PBXBuildFile; fileRef = DF881A532CBD3ADE00EFBDFB /* Assets.xcassets */; };
		DF881A582CBD3ADE00EFBDFB /* Preview Assets.xcassets in Resources */ = {isa = PBXBuildFile; fileRef = DF881A572CBD3ADE00EFBDFB /* Preview Assets.xcassets */; };
		DF881A5F2CBD3B5D00EFBDFB /* MedalView.swift in Sources */ = {isa = PBXBuildFile; fileRef = DF881A5E2CBD3B5D00EFBDFB /* MedalView.swift */; };
		DF881A612CBD3C5300EFBDFB /* Utils.swift in Sources */ = {isa = PBXBuildFile; fileRef = DF881A602CBD3C5300EFBDFB /* Utils.swift */; };
		DF881A632CBD44CA00EFBDFB /* DanmuView.swift in Sources */ = {isa = PBXBuildFile; fileRef = DF881A622CBD44CA00EFBDFB /* DanmuView.swift */; };
		DF881A652CBD457600EFBDFB /* BasicStructs.swift in Sources */ = {isa = PBXBuildFile; fileRef = DF881A642CBD457600EFBDFB /* BasicStructs.swift */; };
		DF881A672CBD561200EFBDFB /* GiftView.swift in Sources */ = {isa = PBXBuildFile; fileRef = DF881A662CBD561200EFBDFB /* GiftView.swift */; };
		DF881A692CC4D78600EFBDFB /* BilibiliCore.swift in Sources */ = {isa = PBXBuildFile; fileRef = DF881A682CC4D78600EFBDFB /* BilibiliCore.swift */; };
		DF881A6C2CC4DEE500EFBDFB /* Starscream in Frameworks */ = {isa = PBXBuildFile; productRef = DF881A6B2CC4DEE500EFBDFB /* Starscream */; };
		DF881A6F2CC4E1F300EFBDFB /* SwiftyJSON in Frameworks */ = {isa = PBXBuildFile; productRef = DF881A6E2CC4E1F300EFBDFB /* SwiftyJSON */; };
		DF881A722CCA957700EFBDFB /* SWCompression in Frameworks */ = {isa = PBXBuildFile; productRef = DF881A712CCA957700EFBDFB /* SWCompression */; };
		DF881A752CCA959C00EFBDFB /* SwiftBrotli in Frameworks */ = {isa = PBXBuildFile; productRef = DF881A742CCA959C00EFBDFB /* SwiftBrotli */; };
		DF881A782CCAA97900EFBDFB /* MainView.swift in Sources */ = {isa = PBXBuildFile; fileRef = DF881A772CCAA97900EFBDFB /* MainView.swift */; };
/* End PBXBuildFile section */

/* Begin PBXFileReference section */
		DF0F088E2D6B65DD0017C9B5 /* README.md */ = {isa = PBXFileReference; lastKnownFileType = net.daringfireball.markdown; path = README.md; sourceTree = "<group>"; };
		DF30E9792D54D8C800986F3A /* AgreementView.swift */ = {isa = PBXFileReference; lastKnownFileType = sourcecode.swift; path = AgreementView.swift; sourceTree = "<group>"; };
		DF881A4A2CBD3ADD00EFBDFB /* BilibiliDMB.app */ = {isa = PBXFileReference; explicitFileType = wrapper.application; includeInIndex = 0; path = BilibiliDMB.app; sourceTree = BUILT_PRODUCTS_DIR; };
		DF881A4D2CBD3ADD00EFBDFB /* BilibiliDMBApp.swift */ = {isa = PBXFileReference; lastKnownFileType = sourcecode.swift; path = BilibiliDMBApp.swift; sourceTree = "<group>"; };
		DF881A532CBD3ADE00EFBDFB /* Assets.xcassets */ = {isa = PBXFileReference; lastKnownFileType = folder.assetcatalog; path = Assets.xcassets; sourceTree = "<group>"; };
		DF881A552CBD3ADE00EFBDFB /* BilibiliDMB.entitlements */ = {isa = PBXFileReference; lastKnownFileType = text.plist.entitlements; path = BilibiliDMB.entitlements; sourceTree = "<group>"; };
		DF881A572CBD3ADE00EFBDFB /* Preview Assets.xcassets */ = {isa = PBXFileReference; lastKnownFileType = folder.assetcatalog; path = "Preview Assets.xcassets"; sourceTree = "<group>"; };
		DF881A5E2CBD3B5D00EFBDFB /* MedalView.swift */ = {isa = PBXFileReference; lastKnownFileType = sourcecode.swift; path = MedalView.swift; sourceTree = "<group>"; };
		DF881A602CBD3C5300EFBDFB /* Utils.swift */ = {isa = PBXFileReference; lastKnownFileType = sourcecode.swift; path = Utils.swift; sourceTree = "<group>"; };
		DF881A622CBD44CA00EFBDFB /* DanmuView.swift */ = {isa = PBXFileReference; lastKnownFileType = sourcecode.swift; path = DanmuView.swift; sourceTree = "<group>"; };
		DF881A642CBD457600EFBDFB /* BasicStructs.swift */ = {isa = PBXFileReference; lastKnownFileType = sourcecode.swift; path = BasicStructs.swift; sourceTree = "<group>"; };
		DF881A662CBD561200EFBDFB /* GiftView.swift */ = {isa = PBXFileReference; lastKnownFileType = sourcecode.swift; path = GiftView.swift; sourceTree = "<group>"; };
		DF881A682CC4D78600EFBDFB /* BilibiliCore.swift */ = {isa = PBXFileReference; lastKnownFileType = sourcecode.swift; path = BilibiliCore.swift; sourceTree = "<group>"; };
		DF881A772CCAA97900EFBDFB /* MainView.swift */ = {isa = PBXFileReference; lastKnownFileType = sourcecode.swift; path = MainView.swift; sourceTree = "<group>"; };
/* End PBXFileReference section */

/* Begin PBXFrameworksBuildPhase section */
		DF881A472CBD3ADD00EFBDFB /* Frameworks */ = {
			isa = PBXFrameworksBuildPhase;
			buildActionMask = 2147483647;
			files = (
				DF881A752CCA959C00EFBDFB /* SwiftBrotli in Frameworks */,
				DF881A722CCA957700EFBDFB /* SWCompression in Frameworks */,
				DF881A6F2CC4E1F300EFBDFB /* SwiftyJSON in Frameworks */,
				DF881A6C2CC4DEE500EFBDFB /* Starscream in Frameworks */,
			);
			runOnlyForDeploymentPostprocessing = 0;
		};
/* End PBXFrameworksBuildPhase section */

/* Begin PBXGroup section */
		DF881A412CBD3ADD00EFBDFB = {
			isa = PBXGroup;
			children = (
				DF0F088E2D6B65DD0017C9B5 /* README.md */,
				DF881A4C2CBD3ADD00EFBDFB /* BilibiliDMB */,
				DF881A4B2CBD3ADD00EFBDFB /* Products */,
			);
			sourceTree = "<group>";
		};
		DF881A4B2CBD3ADD00EFBDFB /* Products */ = {
			isa = PBXGroup;
			children = (
				DF881A4A2CBD3ADD00EFBDFB /* BilibiliDMB.app */,
			);
			name = Products;
			sourceTree = "<group>";
		};
		DF881A4C2CBD3ADD00EFBDFB /* BilibiliDMB */ = {
			isa = PBXGroup;
			children = (
				DF881A4D2CBD3ADD00EFBDFB /* BilibiliDMBApp.swift */,
				DF30E9792D54D8C800986F3A /* AgreementView.swift */,
				DF881A772CCAA97900EFBDFB /* MainView.swift */,
				DF881A5E2CBD3B5D00EFBDFB /* MedalView.swift */,
				DF881A662CBD561200EFBDFB /* GiftView.swift */,
				DF881A622CBD44CA00EFBDFB /* DanmuView.swift */,
				DF881A682CC4D78600EFBDFB /* BilibiliCore.swift */,
				DF881A642CBD457600EFBDFB /* BasicStructs.swift */,
				DF881A602CBD3C5300EFBDFB /* Utils.swift */,
				DF881A532CBD3ADE00EFBDFB /* Assets.xcassets */,
				DF881A552CBD3ADE00EFBDFB /* BilibiliDMB.entitlements */,
				DF881A562CBD3ADE00EFBDFB /* Preview Content */,
			);
			path = BilibiliDMB;
			sourceTree = "<group>";
		};
		DF881A562CBD3ADE00EFBDFB /* Preview Content */ = {
			isa = PBXGroup;
			children = (
				DF881A572CBD3ADE00EFBDFB /* Preview Assets.xcassets */,
			);
			path = "Preview Content";
			sourceTree = "<group>";
		};
/* End PBXGroup section */

/* Begin PBXNativeTarget section */
		DF881A492CBD3ADD00EFBDFB /* BilibiliDMB */ = {
			isa = PBXNativeTarget;
			buildConfigurationList = DF881A5B2CBD3ADE00EFBDFB /* Build configuration list for PBXNativeTarget "BilibiliDMB" */;
			buildPhases = (
				DF881A462CBD3ADD00EFBDFB /* Sources */,
				DF881A472CBD3ADD00EFBDFB /* Frameworks */,
				DF881A482CBD3ADD00EFBDFB /* Resources */,
			);
			buildRules = (
			);
			dependencies = (
			);
			name = BilibiliDMB;
			packageProductDependencies = (
				DF881A6B2CC4DEE500EFBDFB /* Starscream */,
				DF881A6E2CC4E1F300EFBDFB /* SwiftyJSON */,
				DF881A712CCA957700EFBDFB /* SWCompression */,
				DF881A742CCA959C00EFBDFB /* SwiftBrotli */,
			);
			productName = BilibiliDMB;
			productReference = DF881A4A2CBD3ADD00EFBDFB /* BilibiliDMB.app */;
			productType = "com.apple.product-type.application";
		};
/* End PBXNativeTarget section */

/* Begin PBXProject section */
		DF881A422CBD3ADD00EFBDFB /* Project object */ = {
			isa = PBXProject;
			attributes = {
				BuildIndependentTargetsInParallel = 1;
				LastSwiftUpdateCheck = 1540;
				LastUpgradeCheck = 1540;
				TargetAttributes = {
					DF881A492CBD3ADD00EFBDFB = {
						CreatedOnToolsVersion = 15.4;
					};
				};
			};
			buildConfigurationList = DF881A452CBD3ADD00EFBDFB /* Build configuration list for PBXProject "BilibiliDMB" */;
			compatibilityVersion = "Xcode 14.0";
			developmentRegion = en;
			hasScannedForEncodings = 0;
			knownRegions = (
				en,
				Base,
			);
			mainGroup = DF881A412CBD3ADD00EFBDFB;
			packageReferences = (
				DF881A6A2CC4DEE500EFBDFB /* XCRemoteSwiftPackageReference "Starscream" */,
				DF881A6D2CC4E1F300EFBDFB /* XCRemoteSwiftPackageReference "SwiftyJSON" */,
				DF881A702CCA957700EFBDFB /* XCRemoteSwiftPackageReference "SWCompression" */,
				DF881A732CCA959C00EFBDFB /* XCRemoteSwiftPackageReference "SwiftBrotli" */,
			);
			productRefGroup = DF881A4B2CBD3ADD00EFBDFB /* Products */;
			projectDirPath = "";
			projectRoot = "";
			targets = (
				DF881A492CBD3ADD00EFBDFB /* BilibiliDMB */,
			);
		};
/* End PBXProject section */

/* Begin PBXResourcesBuildPhase section */
		DF881A482CBD3ADD00EFBDFB /* Resources */ = {
			isa = PBXResourcesBuildPhase;
			buildActionMask = 2147483647;
			files = (
				DF0F088F2D6B65DD0017C9B5 /* README.md in Resources */,
				DF881A582CBD3ADE00EFBDFB /* Preview Assets.xcassets in Resources */,
				DF881A542CBD3ADE00EFBDFB /* Assets.xcassets in Resources */,
			);
			runOnlyForDeploymentPostprocessing = 0;
		};
/* End PBXResourcesBuildPhase section */

/* Begin PBXSourcesBuildPhase section */
		DF881A462CBD3ADD00EFBDFB /* Sources */ = {
			isa = PBXSourcesBuildPhase;
			buildActionMask = 2147483647;
			files = (
				DF881A632CBD44CA00EFBDFB /* DanmuView.swift in Sources */,
				DF881A612CBD3C5300EFBDFB /* Utils.swift in Sources */,
				DF881A5F2CBD3B5D00EFBDFB /* MedalView.swift in Sources */,
				DF881A782CCAA97900EFBDFB /* MainView.swift in Sources */,
				DF30E97A2D54D8C800986F3A /* AgreementView.swift in Sources */,
				DF881A652CBD457600EFBDFB /* BasicStructs.swift in Sources */,
				DF881A672CBD561200EFBDFB /* GiftView.swift in Sources */,
				DF881A4E2CBD3ADD00EFBDFB /* BilibiliDMBApp.swift in Sources */,
				DF881A692CC4D78600EFBDFB /* BilibiliCore.swift in Sources */,
			);
			runOnlyForDeploymentPostprocessing = 0;
		};
/* End PBXSourcesBuildPhase section */

/* Begin XCBuildConfiguration section */
		DF881A592CBD3ADE00EFBDFB /* Debug */ = {
			isa = XCBuildConfiguration;
			buildSettings = {
				ALWAYS_SEARCH_USER_PATHS = NO;
				ASSETCATALOG_COMPILER_GENERATE_SWIFT_ASSET_SYMBOL_EXTENSIONS = YES;
				CLANG_ANALYZER_NONNULL = YES;
				CLANG_ANALYZER_NUMBER_OBJECT_CONVERSION = YES_AGGRESSIVE;
				CLANG_CXX_LANGUAGE_STANDARD = "gnu++20";
				CLANG_ENABLE_MODULES = YES;
				CLANG_ENABLE_OBJC_ARC = YES;
				CLANG_ENABLE_OBJC_WEAK = YES;
				CLANG_WARN_BLOCK_CAPTURE_AUTORELEASING = YES;
				CLANG_WARN_BOOL_CONVERSION = YES;
				CLANG_WARN_COMMA = YES;
				CLANG_WARN_CONSTANT_CONVERSION = YES;
				CLANG_WARN_DEPRECATED_OBJC_IMPLEMENTATIONS = YES;
				CLANG_WARN_DIRECT_OBJC_ISA_USAGE = YES_ERROR;
				CLANG_WARN_DOCUMENTATION_COMMENTS = YES;
				CLANG_WARN_EMPTY_BODY = YES;
				CLANG_WARN_ENUM_CONVERSION = YES;
				CLANG_WARN_INFINITE_RECURSION = YES;
				CLANG_WARN_INT_CONVERSION = YES;
				CLANG_WARN_NON_LITERAL_NULL_CONVERSION = YES;
				CLANG_WARN_OBJC_IMPLICIT_RETAIN_SELF = YES;
				CLANG_WARN_OBJC_LITERAL_CONVERSION = YES;
				CLANG_WARN_OBJC_ROOT_CLASS = YES_ERROR;
				CLANG_WARN_QUOTED_INCLUDE_IN_FRAMEWORK_HEADER = YES;
				CLANG_WARN_RANGE_LOOP_ANALYSIS = YES;
				CLANG_WARN_STRICT_PROTOTYPES = YES;
				CLANG_WARN_SUSPICIOUS_MOVE = YES;
				CLANG_WARN_UNGUARDED_AVAILABILITY = YES_AGGRESSIVE;
				CLANG_WARN_UNREACHABLE_CODE = YES;
				CLANG_WARN__DUPLICATE_METHOD_MATCH = YES;
				COPY_PHASE_STRIP = NO;
				DEBUG_INFORMATION_FORMAT = dwarf;
				ENABLE_STRICT_OBJC_MSGSEND = YES;
				ENABLE_TESTABILITY = YES;
				ENABLE_USER_SCRIPT_SANDBOXING = YES;
				GCC_C_LANGUAGE_STANDARD = gnu17;
				GCC_DYNAMIC_NO_PIC = NO;
				GCC_NO_COMMON_BLOCKS = YES;
				GCC_OPTIMIZATION_LEVEL = 0;
				GCC_PREPROCESSOR_DEFINITIONS = (
					"DEBUG=1",
					"$(inherited)",
				);
				GCC_WARN_64_TO_32_BIT_CONVERSION = YES;
				GCC_WARN_ABOUT_RETURN_TYPE = YES_ERROR;
				GCC_WARN_UNDECLARED_SELECTOR = YES;
				GCC_WARN_UNINITIALIZED_AUTOS = YES_AGGRESSIVE;
				GCC_WARN_UNUSED_FUNCTION = YES;
				GCC_WARN_UNUSED_VARIABLE = YES;
				LOCALIZATION_PREFERS_STRING_CATALOGS = YES;
				MTL_ENABLE_DEBUG_INFO = INCLUDE_SOURCE;
				MTL_FAST_MATH = YES;
				ONLY_ACTIVE_ARCH = YES;
				SWIFT_ACTIVE_COMPILATION_CONDITIONS = "DEBUG $(inherited)";
				SWIFT_OPTIMIZATION_LEVEL = "-Onone";
			};
			name = Debug;
		};
		DF881A5A2CBD3ADE00EFBDFB /* Release */ = {
			isa = XCBuildConfiguration;
			buildSettings = {
				ALWAYS_SEARCH_USER_PATHS = NO;
				ASSETCATALOG_COMPILER_GENERATE_SWIFT_ASSET_SYMBOL_EXTENSIONS = YES;
				CLANG_ANALYZER_NONNULL = YES;
				CLANG_ANALYZER_NUMBER_OBJECT_CONVERSION = YES_AGGRESSIVE;
				CLANG_CXX_LANGUAGE_STANDARD = "gnu++20";
				CLANG_ENABLE_MODULES = YES;
				CLANG_ENABLE_OBJC_ARC = YES;
				CLANG_ENABLE_OBJC_WEAK = YES;
				CLANG_WARN_BLOCK_CAPTURE_AUTORELEASING = YES;
				CLANG_WARN_BOOL_CONVERSION = YES;
				CLANG_WARN_COMMA = YES;
				CLANG_WARN_CONSTANT_CONVERSION = YES;
				CLANG_WARN_DEPRECATED_OBJC_IMPLEMENTATIONS = YES;
				CLANG_WARN_DIRECT_OBJC_ISA_USAGE = YES_ERROR;
				CLANG_WARN_DOCUMENTATION_COMMENTS = YES;
				CLANG_WARN_EMPTY_BODY = YES;
				CLANG_WARN_ENUM_CONVERSION = YES;
				CLANG_WARN_INFINITE_RECURSION = YES;
				CLANG_WARN_INT_CONVERSION = YES;
				CLANG_WARN_NON_LITERAL_NULL_CONVERSION = YES;
				CLANG_WARN_OBJC_IMPLICIT_RETAIN_SELF = YES;
				CLANG_WARN_OBJC_LITERAL_CONVERSION = YES;
				CLANG_WARN_OBJC_ROOT_CLASS = YES_ERROR;
				CLANG_WARN_QUOTED_INCLUDE_IN_FRAMEWORK_HEADER = YES;
				CLANG_WARN_RANGE_LOOP_ANALYSIS = YES;
				CLANG_WARN_STRICT_PROTOTYPES = YES;
				CLANG_WARN_SUSPICIOUS_MOVE = YES;
				CLANG_WARN_UNGUARDED_AVAILABILITY = YES_AGGRESSIVE;
				CLANG_WARN_UNREACHABLE_CODE = YES;
				CLANG_WARN__DUPLICATE_METHOD_MATCH = YES;
				COPY_PHASE_STRIP = NO;
				DEBUG_INFORMATION_FORMAT = "dwarf-with-dsym";
				ENABLE_NS_ASSERTIONS = NO;
				ENABLE_STRICT_OBJC_MSGSEND = YES;
				ENABLE_USER_SCRIPT_SANDBOXING = YES;
				GCC_C_LANGUAGE_STANDARD = gnu17;
				GCC_NO_COMMON_BLOCKS = YES;
				GCC_WARN_64_TO_32_BIT_CONVERSION = YES;
				GCC_WARN_ABOUT_RETURN_TYPE = YES_ERROR;
				GCC_WARN_UNDECLARED_SELECTOR = YES;
				GCC_WARN_UNINITIALIZED_AUTOS = YES_AGGRESSIVE;
				GCC_WARN_UNUSED_FUNCTION = YES;
				GCC_WARN_UNUSED_VARIABLE = YES;
				LOCALIZATION_PREFERS_STRING_CATALOGS = YES;
				MTL_ENABLE_DEBUG_INFO = NO;
				MTL_FAST_MATH = YES;
				SWIFT_COMPILATION_MODE = wholemodule;
			};
			name = Release;
		};
		DF881A5C2CBD3ADE00EFBDFB /* Debug */ = {
			isa = XCBuildConfiguration;
			buildSettings = {
				ASSETCATALOG_COMPILER_APPICON_NAME = AppIcon;
				ASSETCATALOG_COMPILER_GLOBAL_ACCENT_COLOR_NAME = AccentColor;
				CODE_SIGN_ENTITLEMENTS = BilibiliDMB/BilibiliDMB.entitlements;
				"CODE_SIGN_IDENTITY[sdk=macosx*]" = "-";
				CODE_SIGN_STYLE = Automatic;
				CURRENT_PROJECT_VERSION = 1;
				DEVELOPMENT_ASSET_PATHS = "\"BilibiliDMB/Preview Content\"";
				DEVELOPMENT_TEAM = "";
				ENABLE_PREVIEWS = YES;
				GENERATE_INFOPLIST_FILE = YES;
				INFOPLIST_FILE = BilibiliDMB/Info.plist;
				INFOPLIST_KEY_CFBundleDisplayName = "B站弹幕板";
				INFOPLIST_KEY_LSApplicationCategoryType = "public.app-category.utilities";
				"INFOPLIST_KEY_UIApplicationSceneManifest_Generation[sdk=iphoneos*]" = YES;
				"INFOPLIST_KEY_UIApplicationSceneManifest_Generation[sdk=iphonesimulator*]" = YES;
				"INFOPLIST_KEY_UIApplicationSupportsIndirectInputEvents[sdk=iphoneos*]" = YES;
				"INFOPLIST_KEY_UIApplicationSupportsIndirectInputEvents[sdk=iphonesimulator*]" = YES;
				"INFOPLIST_KEY_UILaunchScreen_Generation[sdk=iphoneos*]" = YES;
				"INFOPLIST_KEY_UILaunchScreen_Generation[sdk=iphonesimulator*]" = YES;
				INFOPLIST_KEY_UIRequiresFullScreen = YES;
				INFOPLIST_KEY_UIStatusBarHidden = YES;
				INFOPLIST_KEY_UIStatusBarStyle = "";
				"INFOPLIST_KEY_UIStatusBarStyle[sdk=iphoneos*]" = UIStatusBarStyleDefault;
				"INFOPLIST_KEY_UIStatusBarStyle[sdk=iphonesimulator*]" = UIStatusBarStyleDefault;
				INFOPLIST_KEY_UISupportedInterfaceOrientations_iPad = "UIInterfaceOrientationPortrait UIInterfaceOrientationPortraitUpsideDown UIInterfaceOrientationLandscapeLeft UIInterfaceOrientationLandscapeRight";
				INFOPLIST_KEY_UISupportedInterfaceOrientations_iPhone = "UIInterfaceOrientationPortrait UIInterfaceOrientationLandscapeLeft UIInterfaceOrientationLandscapeRight";
				IPHONEOS_DEPLOYMENT_TARGET = 17.0;
				LD_RUNPATH_SEARCH_PATHS = "@executable_path/Frameworks";
				"LD_RUNPATH_SEARCH_PATHS[sdk=macosx*]" = "@executable_path/../Frameworks";
				MACOSX_DEPLOYMENT_TARGET = 14.0;
				MARKETING_VERSION = 0.1.2;
				PRODUCT_BUNDLE_IDENTIFIER = com.ccslykx.BilibiliDMB;
				PRODUCT_NAME = "$(TARGET_NAME)";
				SDKROOT = auto;
				SUPPORTED_PLATFORMS = "iphoneos iphonesimulator macosx";
				SWIFT_EMIT_LOC_STRINGS = YES;
				SWIFT_VERSION = 5.0;
				TARGETED_DEVICE_FAMILY = "1,2";
			};
			name = Debug;
		};
		DF881A5D2CBD3ADE00EFBDFB /* Release */ = {
			isa = XCBuildConfiguration;
			buildSettings = {
				ASSETCATALOG_COMPILER_APPICON_NAME = AppIcon;
				ASSETCATALOG_COMPILER_GLOBAL_ACCENT_COLOR_NAME = AccentColor;
				CODE_SIGN_ENTITLEMENTS = BilibiliDMB/BilibiliDMB.entitlements;
				"CODE_SIGN_IDENTITY[sdk=macosx*]" = "-";
				CODE_SIGN_STYLE = Automatic;
				CURRENT_PROJECT_VERSION = 1;
				DEVELOPMENT_ASSET_PATHS = "\"BilibiliDMB/Preview Content\"";
				DEVELOPMENT_TEAM = "";
				ENABLE_PREVIEWS = YES;
				GENERATE_INFOPLIST_FILE = YES;
				INFOPLIST_FILE = BilibiliDMB/Info.plist;
				INFOPLIST_KEY_CFBundleDisplayName = "B站弹幕板";
				INFOPLIST_KEY_LSApplicationCategoryType = "public.app-category.utilities";
				"INFOPLIST_KEY_UIApplicationSceneManifest_Generation[sdk=iphoneos*]" = YES;
				"INFOPLIST_KEY_UIApplicationSceneManifest_Generation[sdk=iphonesimulator*]" = YES;
				"INFOPLIST_KEY_UIApplicationSupportsIndirectInputEvents[sdk=iphoneos*]" = YES;
				"INFOPLIST_KEY_UIApplicationSupportsIndirectInputEvents[sdk=iphonesimulator*]" = YES;
				"INFOPLIST_KEY_UILaunchScreen_Generation[sdk=iphoneos*]" = YES;
				"INFOPLIST_KEY_UILaunchScreen_Generation[sdk=iphonesimulator*]" = YES;
				INFOPLIST_KEY_UIRequiresFullScreen = YES;
				INFOPLIST_KEY_UIStatusBarHidden = YES;
				INFOPLIST_KEY_UIStatusBarStyle = "";
				"INFOPLIST_KEY_UIStatusBarStyle[sdk=iphoneos*]" = UIStatusBarStyleDefault;
				"INFOPLIST_KEY_UIStatusBarStyle[sdk=iphonesimulator*]" = UIStatusBarStyleDefault;
				INFOPLIST_KEY_UISupportedInterfaceOrientations_iPad = "UIInterfaceOrientationPortrait UIInterfaceOrientationPortraitUpsideDown UIInterfaceOrientationLandscapeLeft UIInterfaceOrientationLandscapeRight";
				INFOPLIST_KEY_UISupportedInterfaceOrientations_iPhone = "UIInterfaceOrientationPortrait UIInterfaceOrientationLandscapeLeft UIInterfaceOrientationLandscapeRight";
				IPHONEOS_DEPLOYMENT_TARGET = 17.0;
				LD_RUNPATH_SEARCH_PATHS = "@executable_path/Frameworks";
				"LD_RUNPATH_SEARCH_PATHS[sdk=macosx*]" = "@executable_path/../Frameworks";
				MACOSX_DEPLOYMENT_TARGET = 14.0;
				MARKETING_VERSION = 0.1.2;
				PRODUCT_BUNDLE_IDENTIFIER = com.ccslykx.BilibiliDMB;
				PRODUCT_NAME = "$(TARGET_NAME)";
				SDKROOT = auto;
				SUPPORTED_PLATFORMS = "iphoneos iphonesimulator macosx";
				SWIFT_EMIT_LOC_STRINGS = YES;
				SWIFT_VERSION = 5.0;
				TARGETED_DEVICE_FAMILY = "1,2";
			};
			name = Release;
		};
/* End XCBuildConfiguration section */

/* Begin XCConfigurationList section */
		DF881A452CBD3ADD00EFBDFB /* Build configuration list for PBXProject "BilibiliDMB" */ = {
			isa = XCConfigurationList;
			buildConfigurations = (
				DF881A592CBD3ADE00EFBDFB /* Debug */,
				DF881A5A2CBD3ADE00EFBDFB /* Release */,
			);
			defaultConfigurationIsVisible = 0;
			defaultConfigurationName = Release;
		};
		DF881A5B2CBD3ADE00EFBDFB /* Build configuration list for PBXNativeTarget "BilibiliDMB" */ = {
			isa = XCConfigurationList;
			buildConfigurations = (
				DF881A5C2CBD3ADE00EFBDFB /* Debug */,
				DF881A5D2CBD3ADE00EFBDFB /* Release */,
			);
			defaultConfigurationIsVisible = 0;
			defaultConfigurationName = Release;
		};
/* End XCConfigurationList section */

/* Begin XCRemoteSwiftPackageReference section */
		DF881A6A2CC4DEE500EFBDFB /* XCRemoteSwiftPackageReference "Starscream" */ = {
			isa = XCRemoteSwiftPackageReference;
			repositoryURL = "https://github.com/ccslykx/Starscream.git";
			requirement = {
				branch = master;
				kind = branch;
			};
		};
		DF881A6D2CC4E1F300EFBDFB /* XCRemoteSwiftPackageReference "SwiftyJSON" */ = {
			isa = XCRemoteSwiftPackageReference;
			repositoryURL = "https://github.com/ccslykx/SwiftyJSON.git";
			requirement = {
				branch = master;
				kind = branch;
			};
		};
		DF881A702CCA957700EFBDFB /* XCRemoteSwiftPackageReference "SWCompression" */ = {
			isa = XCRemoteSwiftPackageReference;
			repositoryURL = "https://github.com/ccslykx/SWCompression.git";
			requirement = {
				branch = develop;
				kind = branch;
			};
		};
		DF881A732CCA959C00EFBDFB /* XCRemoteSwiftPackageReference "SwiftBrotli" */ = {
			isa = XCRemoteSwiftPackageReference;
			repositoryURL = "https://github.com/ccslykx/SwiftBrotli.git";
			requirement = {
				branch = master;
				kind = branch;
			};
		};
/* End XCRemoteSwiftPackageReference section */

/* Begin XCSwiftPackageProductDependency section */
		DF881A6B2CC4DEE500EFBDFB /* Starscream */ = {
			isa = XCSwiftPackageProductDependency;
			package = DF881A6A2CC4DEE500EFBDFB /* XCRemoteSwiftPackageReference "Starscream" */;
			productName = Starscream;
		};
		DF881A6E2CC4E1F300EFBDFB /* SwiftyJSON */ = {
			isa = XCSwiftPackageProductDependency;
			package = DF881A6D2CC4E1F300EFBDFB /* XCRemoteSwiftPackageReference "SwiftyJSON" */;
			productName = SwiftyJSON;
		};
		DF881A712CCA957700EFBDFB /* SWCompression */ = {
			isa = XCSwiftPackageProductDependency;
			package = DF881A702CCA957700EFBDFB /* XCRemoteSwiftPackageReference "SWCompression" */;
			productName = SWCompression;
		};
		DF881A742CCA959C00EFBDFB /* SwiftBrotli */ = {
			isa = XCSwiftPackageProductDependency;
			package = DF881A732CCA959C00EFBDFB /* XCRemoteSwiftPackageReference "SwiftBrotli" */;
			productName = SwiftBrotli;
		};
/* End XCSwiftPackageProductDependency section */
	};
	rootObject = DF881A422CBD3ADD00EFBDFB /* Project object */;
}
